
Microsoft Visual Studio Solution File, Format Version 12.00
# Visual Studio Version 17
VisualStudioVersion = 17.4.33205.214
MinimumVisualStudioVersion = 10.0.40219.1
Project("{9A19103F-16F7-4668-BE54-9A1E7A4F7556}") = "ConsoleBasedRpgGame", "ConsoleBasedRpgGame\ConsoleBasedRpgGame.csproj", "{EB929820-D320-4A94-ABEF-C4781F5CA8E5}"
EndProject
Project("{FAE04EC0-301F-11D3-BF4B-00C04F79EFBC}") = "UnitTester", "UnitTester\UnitTester.csproj", "{35AAE921-AB89-4E1B-B531-CB4BA285C722}"
EndProject
Global
	GlobalSection(SolutionConfigurationPlatforms) = preSolution
		Debug|Any CPU = Debug|Any CPU
		Release|Any CPU = Release|Any CPU
	EndGlobalSection
	GlobalSection(ProjectConfigurationPlatforms) = postSolution
		{EB929820-D320-4A94-ABEF-C4781F5CA8E5}.Debug|Any CPU.ActiveCfg = Debug|Any CPU
		{EB929820-D320-4A94-ABEF-C4781F5CA8E5}.Debug|Any CPU.Build.0 = Debug|Any CPU
		{EB929820-D320-4A94-ABEF-C4781F5CA8E5}.Release|Any CPU.ActiveCfg = Release|Any CPU
		{EB929820-D320-4A94-ABEF-C4781F5CA8E5}.Release|Any CPU.Build.0 = Release|Any CPU
		{35AAE921-AB89-4E1B-B531-CB4BA285C722}.Debug|Any CPU.ActiveCfg = Debug|Any CPU
		{35AAE921-AB89-4E1B-B531-CB4BA285C722}.Debug|Any CPU.Build.0 = Debug|Any CPU
		{35AAE921-AB89-4E1B-B531-CB4BA285C722}.Release|Any CPU.ActiveCfg = Release|Any CPU
		{35AAE921-AB89-4E1B-B531-CB4BA285C722}.Release|Any CPU.Build.0 = Release|Any CPU
	EndGlobalSection
	GlobalSection(SolutionProperties) = preSolution
		HideSolutionNode = FALSE
	EndGlobalSection
	GlobalSection(ExtensibilityGlobals) = postSolution
		SolutionGuid = {3A7C872B-1CC3-4A0A-99B0-BE9DC0F585C4}
	EndGlobalSection
EndGlobal
